PODS:
  - DACircularProgress (2.3.1)
  - FMDB (2.6.2):
    - FMDB/standard (= 2.6.2)
  - FMDB/standard (2.6.2)
  - MBProgressHUD (0.9.2)
  - MJRefresh (3.1.12)
  - MWPhotoBrowser (2.1.2):
    - DACircularProgress (~> 2.3)
    - MBProgressHUD (~> 0.9)
    - SDWebImage (!= 3.7.2, ~> 3.7)
  - SDWebImage (3.8.2):
    - SDWebImage/Core (= 3.8.2)
  - SDWebImage/Core (3.8.2)

DEPENDENCIES:
  - FMDB (~> 2.6.2)
  - MBProgressHUD (~> 0.9)
  - MJRefresh (~> 3.1.12)
  - MWPhotoBrowser (~> 2.1.2)
  - SDWebImage (~> 3.7)

SPEC CHECKSUMS:
  DACircularProgress: 4dd437c0fc3da5161cb289e07ac449493d41db71
  FMDB: 854a0341b4726e53276f2a8996f06f1b80f9259a
  MBProgressHUD: 1569cf7ace17a8bac47aabfbb8580a49690386d1
  MJRefresh: b96cdb21c4aa75a7b07654311ab2f315c497e806
  MWPhotoBrowser: 5836d7aa041dc05a13de380c246826578adc5ea5
  SDWebImage: 098e97e6176540799c27e804c96653ee0833d13c

PODFILE CHECKSUM: f776d0083249cf513a34e04105729f1729658988

COCOAPODS: 1.1.1
